
Microsoft Visual Studio Solution File, Format Version 12.00
# Visual Studio 15
VisualStudioVersion = 15.0.28307.421
MinimumVisualStudioVersion = 10.0.40219.1
Project("{FAE04EC0-301F-11D3-BF4B-00C04F79EFBC}") = "Recursion", "Recursion.csproj", "{0C9EFEC2-9B55-40A0-AC1B-144481EC14EA}"
EndProject
Global
	GlobalSection(SolutionConfigurationPlatforms) = preSolution
		Debug|Any CPU = Debug|Any CPU
		Release|Any CPU = Release|Any CPU
	EndGlobalSection
	GlobalSection(ProjectConfigurationPlatforms) = postSolution
		{0C9EFEC2-9B55-40A0-AC1B-144481EC14EA}.Debug|Any CPU.ActiveCfg = Debug|Any CPU
		{0C9EFEC2-9B55-40A0-AC1B-144481EC14EA}.Debug|Any CPU.Build.0 = Debug|Any CPU
		{0C9EFEC2-9B55-40A0-AC1B-144481EC14EA}.Release|Any CPU.ActiveCfg = Release|Any CPU
		{0C9EFEC2-9B55-40A0-AC1B-144481EC14EA}.Release|Any CPU.Build.0 = Release|Any CPU
	EndGlobalSection
	GlobalSection(SolutionProperties) = preSolution
		HideSolutionNode = FALSE
	EndGlobalSection
	GlobalSection(ExtensibilityGlobals) = postSolution
		SolutionGuid = {670E923D-62B1-4E49-821B-040EC7B11A9C}
	EndGlobalSection
EndGlobal
